// !$*UTF8*$!
{
	archiveVersion = 1;
	classes = {
	};
	objectVersion = 56;
	objects = {

/* Begin PBXBuildFile section */
		FB22E0022CD6CBB800670890 /* AppDelegate.swift in Sources */ = {isa = PBXBuildFile; fileRef = FB22E0012CD6CBB800670890 /* AppDelegate.swift */; };
		FB22E0042CD6CBB800670890 /* SceneDelegate.swift in Sources */ = {isa = PBXBuildFile; fileRef = FB22E0032CD6CBB800670890 /* SceneDelegate.swift */; };
		FB22E0062CD6CBB800670890 /* WishMakerViewController.swift in Sources */ = {isa = PBXBuildFile; fileRef = FB22E0052CD6CBB800670890 /* WishMakerViewController.swift */; };
		FB22E00B2CD6CBBB00670890 /* Assets.xcassets in Resources */ = {isa = PBXBuildFile; fileRef = FB22E00A2CD6CBBB00670890 /* Assets.xcassets */; };
		FB22E00E2CD6CBBB00670890 /* Base in Resources */ = {isa = PBXBuildFile; fileRef = FB22E00D2CD6CBBB00670890 /* Base */; };
		FB22E0192CD7BD5300670890 /* CustomSlider.swift in Sources */ = {isa = PBXBuildFile; fileRef = FB22E0182CD7BD5300670890 /* CustomSlider.swift */; };
		FB22E01C2CD7F62B00670890 /* ColorButton.swift in Sources */ = {isa = PBXBuildFile; fileRef = FB22E01B2CD7F62B00670890 /* ColorButton.swift */; };
		FB2A02412CFDFB8B005EADE6 /* WishMakerView.swift in Sources */ = {isa = PBXBuildFile; fileRef = FB2A02402CFDFB8B005EADE6 /* WishMakerView.swift */; };
		FB2A02452CFF2B68005EADE6 /* WishStoringView.swift in Sources */ = {isa = PBXBuildFile; fileRef = FB2A02442CFF2B68005EADE6 /* WishStoringView.swift */; };
		FB2AC22D2CF4976D00D5DAC3 /* AddWishView.swift in Sources */ = {isa = PBXBuildFile; fileRef = FB2AC22C2CF4976D00D5DAC3 /* AddWishView.swift */; };
		FB2AC2332CF64D3800D5DAC3 /* DefaultsManager.swift in Sources */ = {isa = PBXBuildFile; fileRef = FB2AC2322CF64D3800D5DAC3 /* DefaultsManager.swift */; };
		FB2AC2352CF6501800D5DAC3 /* WishDefaultsManager.swift in Sources */ = {isa = PBXBuildFile; fileRef = FB2AC2342CF6501800D5DAC3 /* WishDefaultsManager.swift */; };
		FB3BBBDB2D3B5A3C00333536 /* WishButton.swift in Sources */ = {isa = PBXBuildFile; fileRef = FB3BBBDA2D3B5A3C00333536 /* WishButton.swift */; };
		FB41A58D2D1ABD0500326C14 /* CoreData.xcdatamodeld in Sources */ = {isa = PBXBuildFile; fileRef = FB41A58B2D1ABD0500326C14 /* CoreData.xcdatamodeld */; };
		FB41A5912D1AC1A800326C14 /* Wish+CoreDataProperties.swift in Sources */ = {isa = PBXBuildFile; fileRef = FB41A58F2D1AC1A800326C14 /* Wish+CoreDataProperties.swift */; };
		FB41A5932D1AC2C900326C14 /* WishCoreDataManager.swift in Sources */ = {isa = PBXBuildFile; fileRef = FB41A5922D1AC2C900326C14 /* WishCoreDataManager.swift */; };
		FB9087A62CEDFF4800D62C5D /* UIColor+Random.swift in Sources */ = {isa = PBXBuildFile; fileRef = FB9087A52CEDFF4800D62C5D /* UIColor+Random.swift */; };
		FBC1EC0E2CEF1903008F32FE /* WishStoringViewController.swift in Sources */ = {isa = PBXBuildFile; fileRef = FBC1EC0D2CEF1903008F32FE /* WishStoringViewController.swift */; };
		FBC1EC102CF08D5F008F32FE /* WrittenWishCell.swift in Sources */ = {isa = PBXBuildFile; fileRef = FBC1EC0F2CF08D5F008F32FE /* WrittenWishCell.swift */; };
		FBC1EC122CF2091D008F32FE /* AddWishCell.swift in Sources */ = {isa = PBXBuildFile; fileRef = FBC1EC112CF2091D008F32FE /* AddWishCell.swift */; };
		FBE565072D3D18A2008DA732 /* UIStackView+.swift in Sources */ = {isa = PBXBuildFile; fileRef = FBE565062D3D18A0008DA732 /* UIStackView+.swift */; };
		FBE5650A2D3D34FC008DA732 /* WishCalendarViewController.swift in Sources */ = {isa = PBXBuildFile; fileRef = FBE565092D3D34FC008DA732 /* WishCalendarViewController.swift */; };
/* End PBXBuildFile section */

/* Begin PBXFileReference section */
		FB22DFFE2CD6CBB800670890 /* WishMaker.app */ = {isa = PBXFileReference; explicitFileType = wrapper.application; includeInIndex = 0; path = WishMaker.app; sourceTree = BUILT_PRODUCTS_DIR; };
		FB22E0012CD6CBB800670890 /* AppDelegate.swift */ = {isa = PBXFileReference; lastKnownFileType = sourcecode.swift; path = AppDelegate.swift; sourceTree = "<group>"; };
		FB22E0032CD6CBB800670890 /* SceneDelegate.swift */ = {isa = PBXFileReference; lastKnownFileType = sourcecode.swift; path = SceneDelegate.swift; sourceTree = "<group>"; };
		FB22E0052CD6CBB800670890 /* WishMakerViewController.swift */ = {isa = PBXFileReference; lastKnownFileType = sourcecode.swift; path = WishMakerViewController.swift; sourceTree = "<group>"; };
		FB22E00A2CD6CBBB00670890 /* Assets.xcassets */ = {isa = PBXFileReference; lastKnownFileType = folder.assetcatalog; path = Assets.xcassets; sourceTree = "<group>"; };
		FB22E00D2CD6CBBB00670890 /* Base */ = {isa = PBXFileReference; lastKnownFileType = file.storyboard; name = Base; path = Base.lproj/LaunchScreen.storyboard; sourceTree = "<group>"; };
		FB22E00F2CD6CBBB00670890 /* Info.plist */ = {isa = PBXFileReference; lastKnownFileType = text.plist.xml; path = Info.plist; sourceTree = "<group>"; };
		FB22E0182CD7BD5300670890 /* CustomSlider.swift */ = {isa = PBXFileReference; lastKnownFileType = sourcecode.swift; path = CustomSlider.swift; sourceTree = "<group>"; };
		FB22E01B2CD7F62B00670890 /* ColorButton.swift */ = {isa = PBXFileReference; lastKnownFileType = sourcecode.swift; path = ColorButton.swift; sourceTree = "<group>"; };
		FB2A02402CFDFB8B005EADE6 /* WishMakerView.swift */ = {isa = PBXFileReference; lastKnownFileType = sourcecode.swift; path = WishMakerView.swift; sourceTree = "<group>"; };
		FB2A02442CFF2B68005EADE6 /* WishStoringView.swift */ = {isa = PBXFileReference; lastKnownFileType = sourcecode.swift; path = WishStoringView.swift; sourceTree = "<group>"; };
		FB2AC22C2CF4976D00D5DAC3 /* AddWishView.swift */ = {isa = PBXFileReference; lastKnownFileType = sourcecode.swift; path = AddWishView.swift; sourceTree = "<group>"; };
		FB2AC2322CF64D3800D5DAC3 /* DefaultsManager.swift */ = {isa = PBXFileReference; lastKnownFileType = sourcecode.swift; path = DefaultsManager.swift; sourceTree = "<group>"; };
		FB2AC2342CF6501800D5DAC3 /* WishDefaultsManager.swift */ = {isa = PBXFileReference; lastKnownFileType = sourcecode.swift; path = WishDefaultsManager.swift; sourceTree = "<group>"; };
		FB3BBBDA2D3B5A3C00333536 /* WishButton.swift */ = {isa = PBXFileReference; lastKnownFileType = sourcecode.swift; path = WishButton.swift; sourceTree = "<group>"; };
		FB41A58C2D1ABD0500326C14 /* CoreData.xcdatamodel */ = {isa = PBXFileReference; lastKnownFileType = wrapper.xcdatamodel; path = CoreData.xcdatamodel; sourceTree = "<group>"; };
		FB41A58F2D1AC1A800326C14 /* Wish+CoreDataProperties.swift */ = {isa = PBXFileReference; lastKnownFileType = sourcecode.swift; path = "Wish+CoreDataProperties.swift"; sourceTree = "<group>"; };
		FB41A5922D1AC2C900326C14 /* WishCoreDataManager.swift */ = {isa = PBXFileReference; lastKnownFileType = sourcecode.swift; path = WishCoreDataManager.swift; sourceTree = "<group>"; };
		FB9087A52CEDFF4800D62C5D /* UIColor+Random.swift */ = {isa = PBXFileReference; lastKnownFileType = sourcecode.swift; path = "UIColor+Random.swift"; sourceTree = "<group>"; };
		FBC1EC0D2CEF1903008F32FE /* WishStoringViewController.swift */ = {isa = PBXFileReference; lastKnownFileType = sourcecode.swift; path = WishStoringViewController.swift; sourceTree = "<group>"; };
		FBC1EC0F2CF08D5F008F32FE /* WrittenWishCell.swift */ = {isa = PBXFileReference; lastKnownFileType = sourcecode.swift; path = WrittenWishCell.swift; sourceTree = "<group>"; };
		FBC1EC112CF2091D008F32FE /* AddWishCell.swift */ = {isa = PBXFileReference; lastKnownFileType = sourcecode.swift; path = AddWishCell.swift; sourceTree = "<group>"; };
		FBE565062D3D18A0008DA732 /* UIStackView+.swift */ = {isa = PBXFileReference; lastKnownFileType = sourcecode.swift; path = "UIStackView+.swift"; sourceTree = "<group>"; };
		FBE565092D3D34FC008DA732 /* WishCalendarViewController.swift */ = {isa = PBXFileReference; lastKnownFileType = sourcecode.swift; path = WishCalendarViewController.swift; sourceTree = "<group>"; };
/* End PBXFileReference section */

/* Begin PBXFrameworksBuildPhase section */
		FB22DFFB2CD6CBB800670890 /* Frameworks */ = {
			isa = PBXFrameworksBuildPhase;
			buildActionMask = 2147483647;
			files = (
			);
			runOnlyForDeploymentPostprocessing = 0;
		};
/* End PBXFrameworksBuildPhase section */

/* Begin PBXGroup section */
		FB22DFF52CD6CBB800670890 = {
			isa = PBXGroup;
			children = (
				FB22E0002CD6CBB800670890 /* WishMaker */,
				FB22DFFF2CD6CBB800670890 /* Products */,
			);
			sourceTree = "<group>";
		};
		FB22DFFF2CD6CBB800670890 /* Products */ = {
			isa = PBXGroup;
			children = (
				FB22DFFE2CD6CBB800670890 /* WishMaker.app */,
			);
			name = Products;
			sourceTree = "<group>";
		};
		FB22E0002CD6CBB800670890 /* WishMaker */ = {
			isa = PBXGroup;
			children = (
				FB22E00F2CD6CBBB00670890 /* Info.plist */,
				FB22E0152CD6CF9D00670890 /* AppLifecycle */,
				FB2AC2392CFA614500D5DAC3 /* Persistence */,
				FB22E01D2CD802E900670890 /* Extensions */,
				FBE565082D3D34BC008DA732 /* WishCalendarScreen */,
				FB2AC2382CFA599C00D5DAC3 /* WishStoringScreen */,
				FB2AC2362CFA585E00D5DAC3 /* WishMakerScreen */,
				FB2AC2302CF4AF1400D5DAC3 /* Other */,
			);
			path = WishMaker;
			sourceTree = "<group>";
		};
		FB22E0152CD6CF9D00670890 /* AppLifecycle */ = {
			isa = PBXGroup;
			children = (
				FB22E0012CD6CBB800670890 /* AppDelegate.swift */,
				FB22E0032CD6CBB800670890 /* SceneDelegate.swift */,
			);
			path = AppLifecycle;
			sourceTree = "<group>";
		};
		FB22E0172CD7BD3900670890 /* Views */ = {
			isa = PBXGroup;
			children = (
				FB2A02442CFF2B68005EADE6 /* WishStoringView.swift */,
				FB2AC22C2CF4976D00D5DAC3 /* AddWishView.swift */,
				FB2AC22E2CF4AEAE00D5DAC3 /* TableViewCells */,
			);
			path = Views;
			sourceTree = "<group>";
		};
		FB22E01D2CD802E900670890 /* Extensions */ = {
			isa = PBXGroup;
			children = (
				FB9087A52CEDFF4800D62C5D /* UIColor+Random.swift */,
				FBE565062D3D18A0008DA732 /* UIStackView+.swift */,
			);
			path = Extensions;
			sourceTree = "<group>";
		};
		FB2A02422CFF2A18005EADE6 /* Controller */ = {
			isa = PBXGroup;
			children = (
				FB22E0052CD6CBB800670890 /* WishMakerViewController.swift */,
			);
			path = Controller;
			sourceTree = "<group>";
		};
		FB2A02432CFF2A6E005EADE6 /* Controllers */ = {
			isa = PBXGroup;
			children = (
				FBC1EC0D2CEF1903008F32FE /* WishStoringViewController.swift */,
			);
			path = Controllers;
			sourceTree = "<group>";
		};
		FB2AC22E2CF4AEAE00D5DAC3 /* TableViewCells */ = {
			isa = PBXGroup;
			children = (
				FBC1EC112CF2091D008F32FE /* AddWishCell.swift */,
				FBC1EC0F2CF08D5F008F32FE /* WrittenWishCell.swift */,
			);
			path = TableViewCells;
			sourceTree = "<group>";
		};
		FB2AC2302CF4AF1400D5DAC3 /* Other */ = {
			isa = PBXGroup;
			children = (
				FB22E00C2CD6CBBB00670890 /* LaunchScreen.storyboard */,
				FB22E00A2CD6CBBB00670890 /* Assets.xcassets */,
			);
			path = Other;
			sourceTree = "<group>";
		};
		FB2AC2312CF64C4D00D5DAC3 /* Storage */ = {
			isa = PBXGroup;
			children = (
				FB41A5922D1AC2C900326C14 /* WishCoreDataManager.swift */,
				FB2AC2342CF6501800D5DAC3 /* WishDefaultsManager.swift */,
			);
			path = Storage;
			sourceTree = "<group>";
		};
		FB2AC2362CFA585E00D5DAC3 /* WishMakerScreen */ = {
			isa = PBXGroup;
			children = (
				FB2AC2372CFA587500D5DAC3 /* Views */,
				FB2A02422CFF2A18005EADE6 /* Controller */,
			);
			path = WishMakerScreen;
			sourceTree = "<group>";
		};
		FB2AC2372CFA587500D5DAC3 /* Views */ = {
			isa = PBXGroup;
			children = (
				FB2A02402CFDFB8B005EADE6 /* WishMakerView.swift */,
				FB22E0182CD7BD5300670890 /* CustomSlider.swift */,
				FB22E01B2CD7F62B00670890 /* ColorButton.swift */,
				FB3BBBDA2D3B5A3C00333536 /* WishButton.swift */,
			);
			path = Views;
			sourceTree = "<group>";
		};
		FB2AC2382CFA599C00D5DAC3 /* WishStoringScreen */ = {
			isa = PBXGroup;
			children = (
				FB2AC2312CF64C4D00D5DAC3 /* Storage */,
				FB22E0172CD7BD3900670890 /* Views */,
				FB2A02432CFF2A6E005EADE6 /* Controllers */,
			);
			path = WishStoringScreen;
			sourceTree = "<group>";
		};
		FB2AC2392CFA614500D5DAC3 /* Persistence */ = {
			isa = PBXGroup;
			children = (
				FB2AC2322CF64D3800D5DAC3 /* DefaultsManager.swift */,
				FB3BAF352D1B13BD00218B67 /* CoreData */,
			);
			path = Persistence;
			sourceTree = "<group>";
		};
		FB3BAF352D1B13BD00218B67 /* CoreData */ = {
			isa = PBXGroup;
			children = (
				FB41A58B2D1ABD0500326C14 /* CoreData.xcdatamodeld */,
				FB41A58F2D1AC1A800326C14 /* Wish+CoreDataProperties.swift */,
			);
			path = CoreData;
			sourceTree = "<group>";
		};
		FBE565082D3D34BC008DA732 /* WishCalendarScreen */ = {
			isa = PBXGroup;
			children = (
				FBE565092D3D34FC008DA732 /* WishCalendarViewController.swift */,
			);
			path = WishCalendarScreen;
			sourceTree = "<group>";
		};
/* End PBXGroup section */

/* Begin PBXNativeTarget section */
		FB22DFFD2CD6CBB800670890 /* WishMaker */ = {
			isa = PBXNativeTarget;
			buildConfigurationList = FB22E0122CD6CBBB00670890 /* Build configuration list for PBXNativeTarget "WishMaker" */;
			buildPhases = (
				FB22DFFA2CD6CBB800670890 /* Sources */,
				FB22DFFB2CD6CBB800670890 /* Frameworks */,
				FB22DFFC2CD6CBB800670890 /* Resources */,
			);
			buildRules = (
			);
			dependencies = (
			);
			name = WishMaker;
			productName = WishMaker;
			productReference = FB22DFFE2CD6CBB800670890 /* WishMaker.app */;
			productType = "com.apple.product-type.application";
		};
/* End PBXNativeTarget section */

/* Begin PBXProject section */
		FB22DFF62CD6CBB800670890 /* Project object */ = {
			isa = PBXProject;
			attributes = {
				BuildIndependentTargetsInParallel = 1;
				LastSwiftUpdateCheck = 1540;
				LastUpgradeCheck = 1540;
				TargetAttributes = {
					FB22DFFD2CD6CBB800670890 = {
						CreatedOnToolsVersion = 15.4;
					};
				};
			};
			buildConfigurationList = FB22DFF92CD6CBB800670890 /* Build configuration list for PBXProject "WishMaker" */;
			compatibilityVersion = "Xcode 14.0";
			developmentRegion = en;
			hasScannedForEncodings = 0;
			knownRegions = (
				en,
				Base,
			);
			mainGroup = FB22DFF52CD6CBB800670890;
			productRefGroup = FB22DFFF2CD6CBB800670890 /* Products */;
			projectDirPath = "";
			projectRoot = "";
			targets = (
				FB22DFFD2CD6CBB800670890 /* WishMaker */,
			);
		};
/* End PBXProject section */

/* Begin PBXResourcesBuildPhase section */
		FB22DFFC2CD6CBB800670890 /* Resources */ = {
			isa = PBXResourcesBuildPhase;
			buildActionMask = 2147483647;
			files = (
				FB22E00B2CD6CBBB00670890 /* Assets.xcassets in Resources */,
				FB22E00E2CD6CBBB00670890 /* Base in Resources */,
			);
			runOnlyForDeploymentPostprocessing = 0;
		};
/* End PBXResourcesBuildPhase section */

/* Begin PBXSourcesBuildPhase section */
		FB22DFFA2CD6CBB800670890 /* Sources */ = {
			isa = PBXSourcesBuildPhase;
			buildActionMask = 2147483647;
			files = (
				FB41A5912D1AC1A800326C14 /* Wish+CoreDataProperties.swift in Sources */,
				FB2A02412CFDFB8B005EADE6 /* WishMakerView.swift in Sources */,
				FBE5650A2D3D34FC008DA732 /* WishCalendarViewController.swift in Sources */,
				FBC1EC102CF08D5F008F32FE /* WrittenWishCell.swift in Sources */,
				FB41A58D2D1ABD0500326C14 /* CoreData.xcdatamodeld in Sources */,
				FB41A5932D1AC2C900326C14 /* WishCoreDataManager.swift in Sources */,
				FB22E0062CD6CBB800670890 /* WishMakerViewController.swift in Sources */,
				FB22E0022CD6CBB800670890 /* AppDelegate.swift in Sources */,
				FBE565072D3D18A2008DA732 /* UIStackView+.swift in Sources */,
				FB22E0042CD6CBB800670890 /* SceneDelegate.swift in Sources */,
				FB22E0192CD7BD5300670890 /* CustomSlider.swift in Sources */,
				FB9087A62CEDFF4800D62C5D /* UIColor+Random.swift in Sources */,
				FB2AC2332CF64D3800D5DAC3 /* DefaultsManager.swift in Sources */,
				FBC1EC0E2CEF1903008F32FE /* WishStoringViewController.swift in Sources */,
				FB2AC2352CF6501800D5DAC3 /* WishDefaultsManager.swift in Sources */,
				FB2A02452CFF2B68005EADE6 /* WishStoringView.swift in Sources */,
				FB3BBBDB2D3B5A3C00333536 /* WishButton.swift in Sources */,
				FB22E01C2CD7F62B00670890 /* ColorButton.swift in Sources */,
				FB2AC22D2CF4976D00D5DAC3 /* AddWishView.swift in Sources */,
				FBC1EC122CF2091D008F32FE /* AddWishCell.swift in Sources */,
			);
			runOnlyForDeploymentPostprocessing = 0;
		};
/* End PBXSourcesBuildPhase section */

/* Begin PBXVariantGroup section */
		FB22E00C2CD6CBBB00670890 /* LaunchScreen.storyboard */ = {
			isa = PBXVariantGroup;
			children = (
				FB22E00D2CD6CBBB00670890 /* Base */,
			);
			name = LaunchScreen.storyboard;
			sourceTree = "<group>";
		};
/* End PBXVariantGroup section */

/* Begin XCBuildConfiguration section */
		FB22E0102CD6CBBB00670890 /* Debug */ = {
			isa = XCBuildConfiguration;
			buildSettings = {
				ALWAYS_SEARCH_USER_PATHS = NO;
				ASSETCATALOG_COMPILER_GENERATE_SWIFT_ASSET_SYMBOL_EXTENSIONS = YES;
				CLANG_ANALYZER_NONNULL = YES;
				CLANG_ANALYZER_NUMBER_OBJECT_CONVERSION = YES_AGGRESSIVE;
				CLANG_CXX_LANGUAGE_STANDARD = "gnu++20";
				CLANG_ENABLE_MODULES = YES;
				CLANG_ENABLE_OBJC_ARC = YES;
				CLANG_ENABLE_OBJC_WEAK = YES;
				CLANG_WARN_BLOCK_CAPTURE_AUTORELEASING = YES;
				CLANG_WARN_BOOL_CONVERSION = YES;
				CLANG_WARN_COMMA = YES;
				CLANG_WARN_CONSTANT_CONVERSION = YES;
				CLANG_WARN_DEPRECATED_OBJC_IMPLEMENTATIONS = YES;
				CLANG_WARN_DIRECT_OBJC_ISA_USAGE = YES_ERROR;
				CLANG_WARN_DOCUMENTATION_COMMENTS = YES;
				CLANG_WARN_EMPTY_BODY = YES;
				CLANG_WARN_ENUM_CONVERSION = YES;
				CLANG_WARN_INFINITE_RECURSION = YES;
				CLANG_WARN_INT_CONVERSION = YES;
				CLANG_WARN_NON_LITERAL_NULL_CONVERSION = YES;
				CLANG_WARN_OBJC_IMPLICIT_RETAIN_SELF = YES;
				CLANG_WARN_OBJC_LITERAL_CONVERSION = YES;
				CLANG_WARN_OBJC_ROOT_CLASS = YES_ERROR;
				CLANG_WARN_QUOTED_INCLUDE_IN_FRAMEWORK_HEADER = YES;
				CLANG_WARN_RANGE_LOOP_ANALYSIS = YES;
				CLANG_WARN_STRICT_PROTOTYPES = YES;
				CLANG_WARN_SUSPICIOUS_MOVE = YES;
				CLANG_WARN_UNGUARDED_AVAILABILITY = YES_AGGRESSIVE;
				CLANG_WARN_UNREACHABLE_CODE = YES;
				CLANG_WARN__DUPLICATE_METHOD_MATCH = YES;
				COPY_PHASE_STRIP = NO;
				DEBUG_INFORMATION_FORMAT = dwarf;
				ENABLE_STRICT_OBJC_MSGSEND = YES;
				ENABLE_TESTABILITY = YES;
				ENABLE_USER_SCRIPT_SANDBOXING = YES;
				GCC_C_LANGUAGE_STANDARD = gnu17;
				GCC_DYNAMIC_NO_PIC = NO;
				GCC_NO_COMMON_BLOCKS = YES;
				GCC_OPTIMIZATION_LEVEL = 0;
				GCC_PREPROCESSOR_DEFINITIONS = (
					"DEBUG=1",
					"$(inherited)",
				);
				GCC_WARN_64_TO_32_BIT_CONVERSION = YES;
				GCC_WARN_ABOUT_RETURN_TYPE = YES_ERROR;
				GCC_WARN_UNDECLARED_SELECTOR = YES;
				GCC_WARN_UNINITIALIZED_AUTOS = YES_AGGRESSIVE;
				GCC_WARN_UNUSED_FUNCTION = YES;
				GCC_WARN_UNUSED_VARIABLE = YES;
				IPHONEOS_DEPLOYMENT_TARGET = 17.5;
				LOCALIZATION_PREFERS_STRING_CATALOGS = YES;
				MTL_ENABLE_DEBUG_INFO = INCLUDE_SOURCE;
				MTL_FAST_MATH = YES;
				ONLY_ACTIVE_ARCH = YES;
				SDKROOT = iphoneos;
				SWIFT_ACTIVE_COMPILATION_CONDITIONS = "DEBUG $(inherited)";
				SWIFT_OPTIMIZATION_LEVEL = "-Onone";
			};
			name = Debug;
		};
		FB22E0112CD6CBBB00670890 /* Release */ = {
			isa = XCBuildConfiguration;
			buildSettings = {
				ALWAYS_SEARCH_USER_PATHS = NO;
				ASSETCATALOG_COMPILER_GENERATE_SWIFT_ASSET_SYMBOL_EXTENSIONS = YES;
				CLANG_ANALYZER_NONNULL = YES;
				CLANG_ANALYZER_NUMBER_OBJECT_CONVERSION = YES_AGGRESSIVE;
				CLANG_CXX_LANGUAGE_STANDARD = "gnu++20";
				CLANG_ENABLE_MODULES = YES;
				CLANG_ENABLE_OBJC_ARC = YES;
				CLANG_ENABLE_OBJC_WEAK = YES;
				CLANG_WARN_BLOCK_CAPTURE_AUTORELEASING = YES;
				CLANG_WARN_BOOL_CONVERSION = YES;
				CLANG_WARN_COMMA = YES;
				CLANG_WARN_CONSTANT_CONVERSION = YES;
				CLANG_WARN_DEPRECATED_OBJC_IMPLEMENTATIONS = YES;
				CLANG_WARN_DIRECT_OBJC_ISA_USAGE = YES_ERROR;
				CLANG_WARN_DOCUMENTATION_COMMENTS = YES;
				CLANG_WARN_EMPTY_BODY = YES;
				CLANG_WARN_ENUM_CONVERSION = YES;
				CLANG_WARN_INFINITE_RECURSION = YES;
				CLANG_WARN_INT_CONVERSION = YES;
				CLANG_WARN_NON_LITERAL_NULL_CONVERSION = YES;
				CLANG_WARN_OBJC_IMPLICIT_RETAIN_SELF = YES;
				CLANG_WARN_OBJC_LITERAL_CONVERSION = YES;
				CLANG_WARN_OBJC_ROOT_CLASS = YES_ERROR;
				CLANG_WARN_QUOTED_INCLUDE_IN_FRAMEWORK_HEADER = YES;
				CLANG_WARN_RANGE_LOOP_ANALYSIS = YES;
				CLANG_WARN_STRICT_PROTOTYPES = YES;
				CLANG_WARN_SUSPICIOUS_MOVE = YES;
				CLANG_WARN_UNGUARDED_AVAILABILITY = YES_AGGRESSIVE;
				CLANG_WARN_UNREACHABLE_CODE = YES;
				CLANG_WARN__DUPLICATE_METHOD_MATCH = YES;
				COPY_PHASE_STRIP = NO;
				DEBUG_INFORMATION_FORMAT = "dwarf-with-dsym";
				ENABLE_NS_ASSERTIONS = NO;
				ENABLE_STRICT_OBJC_MSGSEND = YES;
				ENABLE_USER_SCRIPT_SANDBOXING = YES;
				GCC_C_LANGUAGE_STANDARD = gnu17;
				GCC_NO_COMMON_BLOCKS = YES;
				GCC_WARN_64_TO_32_BIT_CONVERSION = YES;
				GCC_WARN_ABOUT_RETURN_TYPE = YES_ERROR;
				GCC_WARN_UNDECLARED_SELECTOR = YES;
				GCC_WARN_UNINITIALIZED_AUTOS = YES_AGGRESSIVE;
				GCC_WARN_UNUSED_FUNCTION = YES;
				GCC_WARN_UNUSED_VARIABLE = YES;
				IPHONEOS_DEPLOYMENT_TARGET = 17.5;
				LOCALIZATION_PREFERS_STRING_CATALOGS = YES;
				MTL_ENABLE_DEBUG_INFO = NO;
				MTL_FAST_MATH = YES;
				SDKROOT = iphoneos;
				SWIFT_COMPILATION_MODE = wholemodule;
				VALIDATE_PRODUCT = YES;
			};
			name = Release;
		};
		FB22E0132CD6CBBB00670890 /* Debug */ = {
			isa = XCBuildConfiguration;
			buildSettings = {
				ASSETCATALOG_COMPILER_APPICON_NAME = AppIcon;
				ASSETCATALOG_COMPILER_GLOBAL_ACCENT_COLOR_NAME = AccentColor;
				CODE_SIGN_STYLE = Automatic;
				CURRENT_PROJECT_VERSION = 1;
				DEVELOPMENT_TEAM = Q4CDXBGTNX;
				GENERATE_INFOPLIST_FILE = YES;
				INFOPLIST_FILE = WishMaker/Info.plist;
				INFOPLIST_KEY_UIApplicationSupportsIndirectInputEvents = YES;
				INFOPLIST_KEY_UILaunchStoryboardName = LaunchScreen;
				INFOPLIST_KEY_UISupportedInterfaceOrientations_iPad = "UIInterfaceOrientationPortrait UIInterfaceOrientationPortraitUpsideDown UIInterfaceOrientationLandscapeLeft UIInterfaceOrientationLandscapeRight";
				INFOPLIST_KEY_UISupportedInterfaceOrientations_iPhone = "UIInterfaceOrientationPortrait UIInterfaceOrientationLandscapeLeft UIInterfaceOrientationLandscapeRight";
				IPHONEOS_DEPLOYMENT_TARGET = 13.0;
				LD_RUNPATH_SEARCH_PATHS = (
					"$(inherited)",
					"@executable_path/Frameworks",
				);
				MARKETING_VERSION = 1.0;
				PRODUCT_BUNDLE_IDENTIFIER = justforme.WishMaker;
				PRODUCT_NAME = "$(TARGET_NAME)";
				SWIFT_EMIT_LOC_STRINGS = YES;
				SWIFT_VERSION = 5.0;
				TARGETED_DEVICE_FAMILY = "1,2";
			};
			name = Debug;
		};
		FB22E0142CD6CBBB00670890 /* Release */ = {
			isa = XCBuildConfiguration;
			buildSettings = {
				ASSETCATALOG_COMPILER_APPICON_NAME = AppIcon;
				ASSETCATALOG_COMPILER_GLOBAL_ACCENT_COLOR_NAME = AccentColor;
				CODE_SIGN_STYLE = Automatic;
				CURRENT_PROJECT_VERSION = 1;
				DEVELOPMENT_TEAM = Q4CDXBGTNX;
				GENERATE_INFOPLIST_FILE = YES;
				INFOPLIST_FILE = WishMaker/Info.plist;
				INFOPLIST_KEY_UIApplicationSupportsIndirectInputEvents = YES;
				INFOPLIST_KEY_UILaunchStoryboardName = LaunchScreen;
				INFOPLIST_KEY_UISupportedInterfaceOrientations_iPad = "UIInterfaceOrientationPortrait UIInterfaceOrientationPortraitUpsideDown UIInterfaceOrientationLandscapeLeft UIInterfaceOrientationLandscapeRight";
				INFOPLIST_KEY_UISupportedInterfaceOrientations_iPhone = "UIInterfaceOrientationPortrait UIInterfaceOrientationLandscapeLeft UIInterfaceOrientationLandscapeRight";
				IPHONEOS_DEPLOYMENT_TARGET = 13.0;
				LD_RUNPATH_SEARCH_PATHS = (
					"$(inherited)",
					"@executable_path/Frameworks",
				);
				MARKETING_VERSION = 1.0;
				PRODUCT_BUNDLE_IDENTIFIER = justforme.WishMaker;
				PRODUCT_NAME = "$(TARGET_NAME)";
				SWIFT_EMIT_LOC_STRINGS = YES;
				SWIFT_VERSION = 5.0;
				TARGETED_DEVICE_FAMILY = "1,2";
			};
			name = Release;
		};
/* End XCBuildConfiguration section */

/* Begin XCConfigurationList section */
		FB22DFF92CD6CBB800670890 /* Build configuration list for PBXProject "WishMaker" */ = {
			isa = XCConfigurationList;
			buildConfigurations = (
				FB22E0102CD6CBBB00670890 /* Debug */,
				FB22E0112CD6CBBB00670890 /* Release */,
			);
			defaultConfigurationIsVisible = 0;
			defaultConfigurationName = Release;
		};
		FB22E0122CD6CBBB00670890 /* Build configuration list for PBXNativeTarget "WishMaker" */ = {
			isa = XCConfigurationList;
			buildConfigurations = (
				FB22E0132CD6CBBB00670890 /* Debug */,
				FB22E0142CD6CBBB00670890 /* Release */,
			);
			defaultConfigurationIsVisible = 0;
			defaultConfigurationName = Release;
		};
/* End XCConfigurationList section */

/* Begin XCVersionGroup section */
		FB41A58B2D1ABD0500326C14 /* CoreData.xcdatamodeld */ = {
			isa = XCVersionGroup;
			children = (
				FB41A58C2D1ABD0500326C14 /* CoreData.xcdatamodel */,
			);
			currentVersion = FB41A58C2D1ABD0500326C14 /* CoreData.xcdatamodel */;
			path = CoreData.xcdatamodeld;
			sourceTree = "<group>";
			versionGroupType = wrapper.xcdatamodel;
		};
/* End XCVersionGroup section */
	};
	rootObject = FB22DFF62CD6CBB800670890 /* Project object */;
}
